// !$*UTF8*$!
{
	archiveVersion = 1;
	classes = {
	};
	objectVersion = 46;
	objects = {

/* Begin PBXBuildFile section */
		63071AA61AFAF8AF000C6DD7 /* AppDelegate.swift in Sources */ = {isa = PBXBuildFile; fileRef = 63071AA51AFAF8AF000C6DD7 /* AppDelegate.swift */; };
		63071AA81AFAF8AF000C6DD7 /* ViewController.swift in Sources */ = {isa = PBXBuildFile; fileRef = 63071AA71AFAF8AF000C6DD7 /* ViewController.swift */; };
		63071AAB1AFAF8AF000C6DD7 /* Main.storyboard in Resources */ = {isa = PBXBuildFile; fileRef = 63071AA91AFAF8AF000C6DD7 /* Main.storyboard */; };
		63071AAD1AFAF8AF000C6DD7 /* Images.xcassets in Resources */ = {isa = PBXBuildFile; fileRef = 63071AAC1AFAF8AF000C6DD7 /* Images.xcassets */; };
		63071AB01AFAF8AF000C6DD7 /* LaunchScreen.xib in Resources */ = {isa = PBXBuildFile; fileRef = 63071AAE1AFAF8AF000C6DD7 /* LaunchScreen.xib */; };
		63071ABC1AFAF8AF000C6DD7 /* Share_IT2Tests.swift in Sources */ = {isa = PBXBuildFile; fileRef = 63071ABB1AFAF8AF000C6DD7 /* Share_IT2Tests.swift */; };
		63071ACC1AFB1CE2000C6DD7 /* RoomsViewController.swift in Sources */ = {isa = PBXBuildFile; fileRef = 63071ACB1AFB1CE2000C6DD7 /* RoomsViewController.swift */; };
		63071AD01AFB1F42000C6DD7 /* Room.swift in Sources */ = {isa = PBXBuildFile; fileRef = 63071ACF1AFB1F42000C6DD7 /* Room.swift */; };
		63071AD21AFB28A8000C6DD7 /* SampleData.swift in Sources */ = {isa = PBXBuildFile; fileRef = 63071AD11AFB28A8000C6DD7 /* SampleData.swift */; };
		630B94471AFC47230092DE1A /* accounticon.png in Resources */ = {isa = PBXBuildFile; fileRef = 630B94441AFC47230092DE1A /* accounticon.png */; };
		630B94481AFC47230092DE1A /* roomsicon.png in Resources */ = {isa = PBXBuildFile; fileRef = 630B94451AFC47230092DE1A /* roomsicon.png */; };
		630B94491AFC47230092DE1A /* settingsicon.png in Resources */ = {isa = PBXBuildFile; fileRef = 630B94461AFC47230092DE1A /* settingsicon.png */; };
		63F270ED1AFC2EC6007FE1C3 /* RoomDetailsViewController.swift in Sources */ = {isa = PBXBuildFile; fileRef = 63F270EC1AFC2EC6007FE1C3 /* RoomDetailsViewController.swift */; };
/* End PBXBuildFile section */

/* Begin PBXContainerItemProxy section */
		63071AB61AFAF8AF000C6DD7 /* PBXContainerItemProxy */ = {
			isa = PBXContainerItemProxy;
			containerPortal = 63071A981AFAF8AF000C6DD7 /* Project object */;
			proxyType = 1;
			remoteGlobalIDString = 63071A9F1AFAF8AF000C6DD7;
			remoteInfo = "Share-IT2";
		};
/* End PBXContainerItemProxy section */

/* Begin PBXFileReference section */
		63071AA01AFAF8AF000C6DD7 /* Share-IT2.app */ = {isa = PBXFileReference; explicitFileType = wrapper.application; includeInIndex = 0; path = "Share-IT2.app"; sourceTree = BUILT_PRODUCTS_DIR; };
		63071AA41AFAF8AF000C6DD7 /* Info.plist */ = {isa = PBXFileReference; lastKnownFileType = text.plist.xml; path = Info.plist; sourceTree = "<group>"; };
		63071AA51AFAF8AF000C6DD7 /* AppDelegate.swift */ = {isa = PBXFileReference; lastKnownFileType = sourcecode.swift; path = AppDelegate.swift; sourceTree = "<group>"; };
		63071AA71AFAF8AF000C6DD7 /* ViewController.swift */ = {isa = PBXFileReference; lastKnownFileType = sourcecode.swift; path = ViewController.swift; sourceTree = "<group>"; };
		63071AAA1AFAF8AF000C6DD7 /* Base */ = {isa = PBXFileReference; lastKnownFileType = file.storyboard; name = Base; path = Base.lproj/Main.storyboard; sourceTree = "<group>"; };
		63071AAC1AFAF8AF000C6DD7 /* Images.xcassets */ = {isa = PBXFileReference; lastKnownFileType = folder.assetcatalog; path = Images.xcassets; sourceTree = "<group>"; };
		63071AAF1AFAF8AF000C6DD7 /* Base */ = {isa = PBXFileReference; lastKnownFileType = file.xib; name = Base; path = Base.lproj/LaunchScreen.xib; sourceTree = "<group>"; };
		63071AB51AFAF8AF000C6DD7 /* Share-IT2Tests.xctest */ = {isa = PBXFileReference; explicitFileType = wrapper.cfbundle; includeInIndex = 0; path = "Share-IT2Tests.xctest"; sourceTree = BUILT_PRODUCTS_DIR; };
		63071ABA1AFAF8AF000C6DD7 /* Info.plist */ = {isa = PBXFileReference; lastKnownFileType = text.plist.xml; path = Info.plist; sourceTree = "<group>"; };
		63071ABB1AFAF8AF000C6DD7 /* Share_IT2Tests.swift */ = {isa = PBXFileReference; lastKnownFileType = sourcecode.swift; path = Share_IT2Tests.swift; sourceTree = "<group>"; };
		63071ACB1AFB1CE2000C6DD7 /* RoomsViewController.swift */ = {isa = PBXFileReference; fileEncoding = 4; lastKnownFileType = sourcecode.swift; path = RoomsViewController.swift; sourceTree = "<group>"; };
		63071ACF1AFB1F42000C6DD7 /* Room.swift */ = {isa = PBXFileReference; fileEncoding = 4; lastKnownFileType = sourcecode.swift; path = Room.swift; sourceTree = "<group>"; };
		63071AD11AFB28A8000C6DD7 /* SampleData.swift */ = {isa = PBXFileReference; fileEncoding = 4; lastKnownFileType = sourcecode.swift; path = SampleData.swift; sourceTree = "<group>"; };
		630B94441AFC47230092DE1A /* accounticon.png */ = {isa = PBXFileReference; lastKnownFileType = image.png; name = accounticon.png; path = Images.xcassets/accounticon.png; sourceTree = "<group>"; };
		630B94451AFC47230092DE1A /* roomsicon.png */ = {isa = PBXFileReference; lastKnownFileType = image.png; name = roomsicon.png; path = Images.xcassets/roomsicon.png; sourceTree = "<group>"; };
		630B94461AFC47230092DE1A /* settingsicon.png */ = {isa = PBXFileReference; lastKnownFileType = image.png; name = settingsicon.png; path = Images.xcassets/settingsicon.png; sourceTree = "<group>"; };
		63F270EC1AFC2EC6007FE1C3 /* RoomDetailsViewController.swift */ = {isa = PBXFileReference; fileEncoding = 4; lastKnownFileType = sourcecode.swift; path = RoomDetailsViewController.swift; sourceTree = "<group>"; };
/* End PBXFileReference section */

/* Begin PBXFrameworksBuildPhase section */
		63071A9D1AFAF8AF000C6DD7 /* Frameworks */ = {
			isa = PBXFrameworksBuildPhase;
			buildActionMask = 2147483647;
			files = (
			);
			runOnlyForDeploymentPostprocessing = 0;
		};
		63071AB21AFAF8AF000C6DD7 /* Frameworks */ = {
			isa = PBXFrameworksBuildPhase;
			buildActionMask = 2147483647;
			files = (
			);
			runOnlyForDeploymentPostprocessing = 0;
		};
/* End PBXFrameworksBuildPhase section */

/* Begin PBXGroup section */
		63071A971AFAF8AF000C6DD7 = {
			isa = PBXGroup;
			children = (
				63071AA21AFAF8AF000C6DD7 /* Share-IT2 */,
				63071AB81AFAF8AF000C6DD7 /* Share-IT2Tests */,
				63071AA11AFAF8AF000C6DD7 /* Products */,
			);
			sourceTree = "<group>";
		};
		63071AA11AFAF8AF000C6DD7 /* Products */ = {
			isa = PBXGroup;
			children = (
				63071AA01AFAF8AF000C6DD7 /* Share-IT2.app */,
				63071AB51AFAF8AF000C6DD7 /* Share-IT2Tests.xctest */,
			);
			name = Products;
			sourceTree = "<group>";
		};
		63071AA21AFAF8AF000C6DD7 /* Share-IT2 */ = {
			isa = PBXGroup;
			children = (
				63071ACF1AFB1F42000C6DD7 /* Room.swift */,
				63071AD11AFB28A8000C6DD7 /* SampleData.swift */,
				63071ACB1AFB1CE2000C6DD7 /* RoomsViewController.swift */,
				63071AA71AFAF8AF000C6DD7 /* ViewController.swift */,
				63071AA91AFAF8AF000C6DD7 /* Main.storyboard */,
				63F270EC1AFC2EC6007FE1C3 /* RoomDetailsViewController.swift */,
				63071AA31AFAF8AF000C6DD7 /* Supporting Files */,
			);
			path = "Share-IT2";
			sourceTree = "<group>";
		};
		63071AA31AFAF8AF000C6DD7 /* Supporting Files */ = {
			isa = PBXGroup;
			children = (
				63071AAE1AFAF8AF000C6DD7 /* LaunchScreen.xib */,
				63071AAC1AFAF8AF000C6DD7 /* Images.xcassets */,
				63071AA51AFAF8AF000C6DD7 /* AppDelegate.swift */,
				63071AA41AFAF8AF000C6DD7 /* Info.plist */,
				630B94441AFC47230092DE1A /* accounticon.png */,
				630B94451AFC47230092DE1A /* roomsicon.png */,
				630B94461AFC47230092DE1A /* settingsicon.png */,
			);
			name = "Supporting Files";
			sourceTree = "<group>";
		};
		63071AB81AFAF8AF000C6DD7 /* Share-IT2Tests */ = {
			isa = PBXGroup;
			children = (
				63071ABB1AFAF8AF000C6DD7 /* Share_IT2Tests.swift */,
				63071AB91AFAF8AF000C6DD7 /* Supporting Files */,
			);
			path = "Share-IT2Tests";
			sourceTree = "<group>";
		};
		63071AB91AFAF8AF000C6DD7 /* Supporting Files */ = {
			isa = PBXGroup;
			children = (
				63071ABA1AFAF8AF000C6DD7 /* Info.plist */,
			);
			name = "Supporting Files";
			sourceTree = "<group>";
		};
/* End PBXGroup section */

/* Begin PBXNativeTarget section */
		63071A9F1AFAF8AF000C6DD7 /* Share-IT2 */ = {
			isa = PBXNativeTarget;
			buildConfigurationList = 63071ABF1AFAF8AF000C6DD7 /* Build configuration list for PBXNativeTarget "Share-IT2" */;
			buildPhases = (
				63071A9C1AFAF8AF000C6DD7 /* Sources */,
				63071A9D1AFAF8AF000C6DD7 /* Frameworks */,
				63071A9E1AFAF8AF000C6DD7 /* Resources */,
			);
			buildRules = (
			);
			dependencies = (
			);
			name = "Share-IT2";
			productName = "Share-IT2";
			productReference = 63071AA01AFAF8AF000C6DD7 /* Share-IT2.app */;
			productType = "com.apple.product-type.application";
		};
		63071AB41AFAF8AF000C6DD7 /* Share-IT2Tests */ = {
			isa = PBXNativeTarget;
			buildConfigurationList = 63071AC21AFAF8AF000C6DD7 /* Build configuration list for PBXNativeTarget "Share-IT2Tests" */;
			buildPhases = (
				63071AB11AFAF8AF000C6DD7 /* Sources */,
				63071AB21AFAF8AF000C6DD7 /* Frameworks */,
				63071AB31AFAF8AF000C6DD7 /* Resources */,
			);
			buildRules = (
			);
			dependencies = (
				63071AB71AFAF8AF000C6DD7 /* PBXTargetDependency */,
			);
			name = "Share-IT2Tests";
			productName = "Share-IT2Tests";
			productReference = 63071AB51AFAF8AF000C6DD7 /* Share-IT2Tests.xctest */;
			productType = "com.apple.product-type.bundle.unit-test";
		};
/* End PBXNativeTarget section */

/* Begin PBXProject section */
		63071A981AFAF8AF000C6DD7 /* Project object */ = {
			isa = PBXProject;
			attributes = {
				LastUpgradeCheck = 0630;
				ORGANIZATIONNAME = "David Chen";
				TargetAttributes = {
					63071A9F1AFAF8AF000C6DD7 = {
						CreatedOnToolsVersion = 6.3.1;
					};
					63071AB41AFAF8AF000C6DD7 = {
						CreatedOnToolsVersion = 6.3.1;
						TestTargetID = 63071A9F1AFAF8AF000C6DD7;
					};
				};
			};
			buildConfigurationList = 63071A9B1AFAF8AF000C6DD7 /* Build configuration list for PBXProject "Share-IT2" */;
			compatibilityVersion = "Xcode 3.2";
			developmentRegion = English;
			hasScannedForEncodings = 0;
			knownRegions = (
				en,
				Base,
			);
			mainGroup = 63071A971AFAF8AF000C6DD7;
			productRefGroup = 63071AA11AFAF8AF000C6DD7 /* Products */;
			projectDirPath = "";
			projectRoot = "";
			targets = (
				63071A9F1AFAF8AF000C6DD7 /* Share-IT2 */,
				63071AB41AFAF8AF000C6DD7 /* Share-IT2Tests */,
			);
		};
/* End PBXProject section */

/* Begin PBXResourcesBuildPhase section */
		63071A9E1AFAF8AF000C6DD7 /* Resources */ = {
			isa = PBXResourcesBuildPhase;
			buildActionMask = 2147483647;
			files = (
				630B94471AFC47230092DE1A /* accounticon.png in Resources */,
				630B94491AFC47230092DE1A /* settingsicon.png in Resources */,
				63071AAB1AFAF8AF000C6DD7 /* Main.storyboard in Resources */,
				63071AB01AFAF8AF000C6DD7 /* LaunchScreen.xib in Resources */,
				63071AAD1AFAF8AF000C6DD7 /* Images.xcassets in Resources */,
				630B94481AFC47230092DE1A /* roomsicon.png in Resources */,
			);
			runOnlyForDeploymentPostprocessing = 0;
		};
		63071AB31AFAF8AF000C6DD7 /* Resources */ = {
			isa = PBXResourcesBuildPhase;
			buildActionMask = 2147483647;
			files = (
			);
			runOnlyForDeploymentPostprocessing = 0;
		};
/* End PBXResourcesBuildPhase section */

/* Begin PBXSourcesBuildPhase section */
		63071A9C1AFAF8AF000C6DD7 /* Sources */ = {
			isa = PBXSourcesBuildPhase;
			buildActionMask = 2147483647;
			files = (
				63071AA81AFAF8AF000C6DD7 /* ViewController.swift in Sources */,
				63071ACC1AFB1CE2000C6DD7 /* RoomsViewController.swift in Sources */,
				63F270ED1AFC2EC6007FE1C3 /* RoomDetailsViewController.swift in Sources */,
				63071AD01AFB1F42000C6DD7 /* Room.swift in Sources */,
				63071AD21AFB28A8000C6DD7 /* SampleData.swift in Sources */,
				63071AA61AFAF8AF000C6DD7 /* AppDelegate.swift in Sources */,
			);
			runOnlyForDeploymentPostprocessing = 0;
		};
		63071AB11AFAF8AF000C6DD7 /* Sources */ = {
			isa = PBXSourcesBuildPhase;
			buildActionMask = 2147483647;
			files = (
				63071ABC1AFAF8AF000C6DD7 /* Share_IT2Tests.swift in Sources */,
			);
			runOnlyForDeploymentPostprocessing = 0;
		};
/* End PBXSourcesBuildPhase section */

/* Begin PBXTargetDependency section */
		63071AB71AFAF8AF000C6DD7 /* PBXTargetDependency */ = {
			isa = PBXTargetDependency;
			target = 63071A9F1AFAF8AF000C6DD7 /* Share-IT2 */;
			targetProxy = 63071AB61AFAF8AF000C6DD7 /* PBXContainerItemProxy */;
		};
/* End PBXTargetDependency section */

/* Begin PBXVariantGroup section */
		63071AA91AFAF8AF000C6DD7 /* Main.storyboard */ = {
			isa = PBXVariantGroup;
			children = (
				63071AAA1AFAF8AF000C6DD7 /* Base */,
			);
			name = Main.storyboard;
			sourceTree = "<group>";
		};
		63071AAE1AFAF8AF000C6DD7 /* LaunchScreen.xib */ = {
			isa = PBXVariantGroup;
			children = (
				63071AAF1AFAF8AF000C6DD7 /* Base */,
			);
			name = LaunchScreen.xib;
			sourceTree = "<group>";
		};
/* End PBXVariantGroup section */

/* Begin XCBuildConfiguration section */
		63071ABD1AFAF8AF000C6DD7 /* Debug */ = {
			isa = XCBuildConfiguration;
			buildSettings = {
				ALWAYS_SEARCH_USER_PATHS = NO;
				CLANG_CXX_LANGUAGE_STANDARD = "gnu++0x";
				CLANG_CXX_LIBRARY = "libc++";
				CLANG_ENABLE_MODULES = YES;
				CLANG_ENABLE_OBJC_ARC = YES;
				CLANG_WARN_BOOL_CONVERSION = YES;
				CLANG_WARN_CONSTANT_CONVERSION = YES;
				CLANG_WARN_DIRECT_OBJC_ISA_USAGE = YES_ERROR;
				CLANG_WARN_EMPTY_BODY = YES;
				CLANG_WARN_ENUM_CONVERSION = YES;
				CLANG_WARN_INT_CONVERSION = YES;
				CLANG_WARN_OBJC_ROOT_CLASS = YES_ERROR;
				CLANG_WARN_UNREACHABLE_CODE = YES;
				CLANG_WARN__DUPLICATE_METHOD_MATCH = YES;
				"CODE_SIGN_IDENTITY[sdk=iphoneos*]" = "iPhone Developer";
				COPY_PHASE_STRIP = NO;
				DEBUG_INFORMATION_FORMAT = "dwarf-with-dsym";
				ENABLE_STRICT_OBJC_MSGSEND = YES;
				GCC_C_LANGUAGE_STANDARD = gnu99;
				GCC_DYNAMIC_NO_PIC = NO;
				GCC_NO_COMMON_BLOCKS = YES;
				GCC_OPTIMIZATION_LEVEL = 0;
				GCC_PREPROCESSOR_DEFINITIONS = (
					"DEBUG=1",
					"$(inherited)",
				);
				GCC_SYMBOLS_PRIVATE_EXTERN = NO;
				GCC_WARN_64_TO_32_BIT_CONVERSION = YES;
				GCC_WARN_ABOUT_RETURN_TYPE = YES_ERROR;
				GCC_WARN_UNDECLARED_SELECTOR = YES;
				GCC_WARN_UNINITIALIZED_AUTOS = YES_AGGRESSIVE;
				GCC_WARN_UNUSED_FUNCTION = YES;
				GCC_WARN_UNUSED_VARIABLE = YES;
				IPHONEOS_DEPLOYMENT_TARGET = 8.3;
				MTL_ENABLE_DEBUG_INFO = YES;
				ONLY_ACTIVE_ARCH = YES;
				SDKROOT = iphoneos;
				SWIFT_OPTIMIZATION_LEVEL = "-Onone";
				TARGETED_DEVICE_FAMILY = "1,2";
			};
			name = Debug;
		};
		63071ABE1AFAF8AF000C6DD7 /* Release */ = {
			isa = XCBuildConfiguration;
			buildSettings = {
				ALWAYS_SEARCH_USER_PATHS = NO;
				CLANG_CXX_LANGUAGE_STANDARD = "gnu++0x";
				CLANG_CXX_LIBRARY = "libc++";
				CLANG_ENABLE_MODULES = YES;
				CLANG_ENABLE_OBJC_ARC = YES;
				CLANG_WARN_BOOL_CONVERSION = YES;
				CLANG_WARN_CONSTANT_CONVERSION = YES;
				CLANG_WARN_DIRECT_OBJC_ISA_USAGE = YES_ERROR;
				CLANG_WARN_EMPTY_BODY = YES;
				CLANG_WARN_ENUM_CONVERSION = YES;
				CLANG_WARN_INT_CONVERSION = YES;
				CLANG_WARN_OBJC_ROOT_CLASS = YES_ERROR;
				CLANG_WARN_UNREACHABLE_CODE = YES;
				CLANG_WARN__DUPLICATE_METHOD_MATCH = YES;
				"CODE_SIGN_IDENTITY[sdk=iphoneos*]" = "iPhone Developer";
				COPY_PHASE_STRIP = NO;
				DEBUG_INFORMATION_FORMAT = "dwarf-with-dsym";
				ENABLE_NS_ASSERTIONS = NO;
				ENABLE_STRICT_OBJC_MSGSEND = YES;
				GCC_C_LANGUAGE_STANDARD = gnu99;
				GCC_NO_COMMON_BLOCKS = YES;
				GCC_WARN_64_TO_32_BIT_CONVERSION = YES;
				GCC_WARN_ABOUT_RETURN_TYPE = YES_ERROR;
				GCC_WARN_UNDECLARED_SELECTOR = YES;
				GCC_WARN_UNINITIALIZED_AUTOS = YES_AGGRESSIVE;
				GCC_WARN_UNUSED_FUNCTION = YES;
				GCC_WARN_UNUSED_VARIABLE = YES;
				IPHONEOS_DEPLOYMENT_TARGET = 8.3;
				MTL_ENABLE_DEBUG_INFO = NO;
				SDKROOT = iphoneos;
				TARGETED_DEVICE_FAMILY = "1,2";
				VALIDATE_PRODUCT = YES;
			};
			name = Release;
		};
		63071AC01AFAF8AF000C6DD7 /* Debug */ = {
			isa = XCBuildConfiguration;
			buildSettings = {
				ASSETCATALOG_COMPILER_APPICON_NAME = AppIcon;
				INFOPLIST_FILE = "Share-IT2/Info.plist";
				LD_RUNPATH_SEARCH_PATHS = "$(inherited) @executable_path/Frameworks";
				PRODUCT_NAME = "$(TARGET_NAME)";
			};
			name = Debug;
		};
		63071AC11AFAF8AF000C6DD7 /* Release */ = {
			isa = XCBuildConfiguration;
			buildSettings = {
				ASSETCATALOG_COMPILER_APPICON_NAME = AppIcon;
				INFOPLIST_FILE = "Share-IT2/Info.plist";
				LD_RUNPATH_SEARCH_PATHS = "$(inherited) @executable_path/Frameworks";
				PRODUCT_NAME = "$(TARGET_NAME)";
			};
			name = Release;
		};
		63071AC31AFAF8AF000C6DD7 /* Debug */ = {
			isa = XCBuildConfiguration;
			buildSettings = {
				BUNDLE_LOADER = "$(TEST_HOST)";
				FRAMEWORK_SEARCH_PATHS = (
					"$(SDKROOT)/Developer/Library/Frameworks",
					"$(inherited)",
				);
				GCC_PREPROCESSOR_DEFINITIONS = (
					"DEBUG=1",
					"$(inherited)",
				);
				INFOPLIST_FILE = "Share-IT2Tests/Info.plist";
				LD_RUNPATH_SEARCH_PATHS = "$(inherited) @executable_path/Frameworks @loader_path/Frameworks";
				PRODUCT_NAME = "$(TARGET_NAME)";
				TEST_HOST = "$(BUILT_PRODUCTS_DIR)/Share-IT2.app/Share-IT2";
			};
			name = Debug;
		};
		63071AC41AFAF8AF000C6DD7 /* Release */ = {
			isa = XCBuildConfiguration;
			buildSettings = {
				BUNDLE_LOADER = "$(TEST_HOST)";
				FRAMEWORK_SEARCH_PATHS = (
					"$(SDKROOT)/Developer/Library/Frameworks",
					"$(inherited)",
				);
				INFOPLIST_FILE = "Share-IT2Tests/Info.plist";
				LD_RUNPATH_SEARCH_PATHS = "$(inherited) @executable_path/Frameworks @loader_path/Frameworks";
				PRODUCT_NAME = "$(TARGET_NAME)";
				TEST_HOST = "$(BUILT_PRODUCTS_DIR)/Share-IT2.app/Share-IT2";
			};
			name = Release;
		};
/* End XCBuildConfiguration section */

/* Begin XCConfigurationList section */
		63071A9B1AFAF8AF000C6DD7 /* Build configuration list for PBXProject "Share-IT2" */ = {
			isa = XCConfigurationList;
			buildConfigurations = (
				63071ABD1AFAF8AF000C6DD7 /* Debug */,
				63071ABE1AFAF8AF000C6DD7 /* Release */,
			);
			defaultConfigurationIsVisible = 0;
			defaultConfigurationName = Release;
		};
		63071ABF1AFAF8AF000C6DD7 /* Build configuration list for PBXNativeTarget "Share-IT2" */ = {
			isa = XCConfigurationList;
			buildConfigurations = (
				63071AC01AFAF8AF000C6DD7 /* Debug */,
				63071AC11AFAF8AF000C6DD7 /* Release */,
			);
			defaultConfigurationIsVisible = 0;
			defaultConfigurationName = Release;
		};
		63071AC21AFAF8AF000C6DD7 /* Build configuration list for PBXNativeTarget "Share-IT2Tests" */ = {
			isa = XCConfigurationList;
			buildConfigurations = (
				63071AC31AFAF8AF000C6DD7 /* Debug */,
				63071AC41AFAF8AF000C6DD7 /* Release */,
			);
			defaultConfigurationIsVisible = 0;
			defaultConfigurationName = Release;
		};
/* End XCConfigurationList section */
	};
	rootObject = 63071A981AFAF8AF000C6DD7 /* Project object */;
}
